// !$*UTF8*$!
{
	archiveVersion = 1;
	classes = {
	};
	objectVersion = 55;
	objects = {

/* Begin PBXBuildFile section */
		FBAD8443298A0E67003A474D /* AppDelegate.swift in Sources */ = {isa = PBXBuildFile; fileRef = FBAD8442298A0E67003A474D /* AppDelegate.swift */; };
		FBAD8445298A0E67003A474D /* SceneDelegate.swift in Sources */ = {isa = PBXBuildFile; fileRef = FBAD8444298A0E67003A474D /* SceneDelegate.swift */; };
		FBAD8447298A0E67003A474D /* ViewController.swift in Sources */ = {isa = PBXBuildFile; fileRef = FBAD8446298A0E67003A474D /* ViewController.swift */; };
		FBAD844A298A0E67003A474D /* Main.storyboard in Resources */ = {isa = PBXBuildFile; fileRef = FBAD8448298A0E67003A474D /* Main.storyboard */; };
		FBAD844C298A0E68003A474D /* Assets.xcassets in Resources */ = {isa = PBXBuildFile; fileRef = FBAD844B298A0E68003A474D /* Assets.xcassets */; };
		FBAD844F298A0E68003A474D /* LaunchScreen.storyboard in Resources */ = {isa = PBXBuildFile; fileRef = FBAD844D298A0E68003A474D /* LaunchScreen.storyboard */; };
		FBAD845A298A0E68003A474D /* actividad_3Tests.swift in Sources */ = {isa = PBXBuildFile; fileRef = FBAD8459298A0E68003A474D /* actividad_3Tests.swift */; };
		FBAD8464298A0E68003A474D /* actividad_3UITests.swift in Sources */ = {isa = PBXBuildFile; fileRef = FBAD8463298A0E68003A474D /* actividad_3UITests.swift */; };
		FBAD8466298A0E68003A474D /* actividad_3UITestsLaunchTests.swift in Sources */ = {isa = PBXBuildFile; fileRef = FBAD8465298A0E68003A474D /* actividad_3UITestsLaunchTests.swift */; };
/* End PBXBuildFile section */

/* Begin PBXContainerItemProxy section */
		FBAD8456298A0E68003A474D /* PBXContainerItemProxy */ = {
			isa = PBXContainerItemProxy;
			containerPortal = FBAD8437298A0E67003A474D /* Project object */;
			proxyType = 1;
			remoteGlobalIDString = FBAD843E298A0E67003A474D;
			remoteInfo = "actividad 3";
		};
		FBAD8460298A0E68003A474D /* PBXContainerItemProxy */ = {
			isa = PBXContainerItemProxy;
			containerPortal = FBAD8437298A0E67003A474D /* Project object */;
			proxyType = 1;
			remoteGlobalIDString = FBAD843E298A0E67003A474D;
			remoteInfo = "actividad 3";
		};
/* End PBXContainerItemProxy section */

/* Begin PBXFileReference section */
		FBAD843F298A0E67003A474D /* actividad 3.app */ = {isa = PBXFileReference; explicitFileType = wrapper.application; includeInIndex = 0; path = "actividad 3.app"; sourceTree = BUILT_PRODUCTS_DIR; };
		FBAD8442298A0E67003A474D /* AppDelegate.swift */ = {isa = PBXFileReference; lastKnownFileType = sourcecode.swift; path = AppDelegate.swift; sourceTree = "<group>"; };
		FBAD8444298A0E67003A474D /* SceneDelegate.swift */ = {isa = PBXFileReference; lastKnownFileType = sourcecode.swift; path = SceneDelegate.swift; sourceTree = "<group>"; };
		FBAD8446298A0E67003A474D /* ViewController.swift */ = {isa = PBXFileReference; lastKnownFileType = sourcecode.swift; path = ViewController.swift; sourceTree = "<group>"; };
		FBAD8449298A0E67003A474D /* Base */ = {isa = PBXFileReference; lastKnownFileType = file.storyboard; name = Base; path = Base.lproj/Main.storyboard; sourceTree = "<group>"; };
		FBAD844B298A0E68003A474D /* Assets.xcassets */ = {isa = PBXFileReference; lastKnownFileType = folder.assetcatalog; path = Assets.xcassets; sourceTree = "<group>"; };
		FBAD844E298A0E68003A474D /* Base */ = {isa = PBXFileReference; lastKnownFileType = file.storyboard; name = Base; path = Base.lproj/LaunchScreen.storyboard; sourceTree = "<group>"; };
		FBAD8450298A0E68003A474D /* Info.plist */ = {isa = PBXFileReference; lastKnownFileType = text.plist.xml; path = Info.plist; sourceTree = "<group>"; };
		FBAD8455298A0E68003A474D /* actividad 3Tests.xctest */ = {isa = PBXFileReference; explicitFileType = wrapper.cfbundle; includeInIndex = 0; path = "actividad 3Tests.xctest"; sourceTree = BUILT_PRODUCTS_DIR; };
		FBAD8459298A0E68003A474D /* actividad_3Tests.swift */ = {isa = PBXFileReference; lastKnownFileType = sourcecode.swift; path = actividad_3Tests.swift; sourceTree = "<group>"; };
		FBAD845F298A0E68003A474D /* actividad 3UITests.xctest */ = {isa = PBXFileReference; explicitFileType = wrapper.cfbundle; includeInIndex = 0; path = "actividad 3UITests.xctest"; sourceTree = BUILT_PRODUCTS_DIR; };
		FBAD8463298A0E68003A474D /* actividad_3UITests.swift */ = {isa = PBXFileReference; lastKnownFileType = sourcecode.swift; path = actividad_3UITests.swift; sourceTree = "<group>"; };
		FBAD8465298A0E68003A474D /* actividad_3UITestsLaunchTests.swift */ = {isa = PBXFileReference; lastKnownFileType = sourcecode.swift; path = actividad_3UITestsLaunchTests.swift; sourceTree = "<group>"; };
/* End PBXFileReference section */

/* Begin PBXFrameworksBuildPhase section */
		FBAD843C298A0E67003A474D /* Frameworks */ = {
			isa = PBXFrameworksBuildPhase;
			buildActionMask = 2147483647;
			files = (
			);
			runOnlyForDeploymentPostprocessing = 0;
		};
		FBAD8452298A0E68003A474D /* Frameworks */ = {
			isa = PBXFrameworksBuildPhase;
			buildActionMask = 2147483647;
			files = (
			);
			runOnlyForDeploymentPostprocessing = 0;
		};
		FBAD845C298A0E68003A474D /* Frameworks */ = {
			isa = PBXFrameworksBuildPhase;
			buildActionMask = 2147483647;
			files = (
			);
			runOnlyForDeploymentPostprocessing = 0;
		};
/* End PBXFrameworksBuildPhase section */

/* Begin PBXGroup section */
		FBAD8436298A0E67003A474D = {
			isa = PBXGroup;
			children = (
				FBAD8441298A0E67003A474D /* actividad 3 */,
				FBAD8458298A0E68003A474D /* actividad 3Tests */,
				FBAD8462298A0E68003A474D /* actividad 3UITests */,
				FBAD8440298A0E67003A474D /* Products */,
			);
			sourceTree = "<group>";
		};
		FBAD8440298A0E67003A474D /* Products */ = {
			isa = PBXGroup;
			children = (
				FBAD843F298A0E67003A474D /* actividad 3.app */,
				FBAD8455298A0E68003A474D /* actividad 3Tests.xctest */,
				FBAD845F298A0E68003A474D /* actividad 3UITests.xctest */,
			);
			name = Products;
			sourceTree = "<group>";
		};
		FBAD8441298A0E67003A474D /* actividad 3 */ = {
			isa = PBXGroup;
			children = (
				FBAD8442298A0E67003A474D /* AppDelegate.swift */,
				FBAD8444298A0E67003A474D /* SceneDelegate.swift */,
				FBAD8446298A0E67003A474D /* ViewController.swift */,
				FBAD8448298A0E67003A474D /* Main.storyboard */,
				FBAD844B298A0E68003A474D /* Assets.xcassets */,
				FBAD844D298A0E68003A474D /* LaunchScreen.storyboard */,
				FBAD8450298A0E68003A474D /* Info.plist */,
			);
			path = "actividad 3";
			sourceTree = "<group>";
		};
		FBAD8458298A0E68003A474D /* actividad 3Tests */ = {
			isa = PBXGroup;
			children = (
				FBAD8459298A0E68003A474D /* actividad_3Tests.swift */,
			);
			path = "actividad 3Tests";
			sourceTree = "<group>";
		};
		FBAD8462298A0E68003A474D /* actividad 3UITests */ = {
			isa = PBXGroup;
			children = (
				FBAD8463298A0E68003A474D /* actividad_3UITests.swift */,
				FBAD8465298A0E68003A474D /* actividad_3UITestsLaunchTests.swift */,
			);
			path = "actividad 3UITests";
			sourceTree = "<group>";
		};
/* End PBXGroup section */

/* Begin PBXNativeTarget section */
		FBAD843E298A0E67003A474D /* actividad 3 */ = {
			isa = PBXNativeTarget;
			buildConfigurationList = FBAD8469298A0E68003A474D /* Build configuration list for PBXNativeTarget "actividad 3" */;
			buildPhases = (
				FBAD843B298A0E67003A474D /* Sources */,
				FBAD843C298A0E67003A474D /* Frameworks */,
				FBAD843D298A0E67003A474D /* Resources */,
			);
			buildRules = (
			);
			dependencies = (
			);
			name = "actividad 3";
			productName = "actividad 3";
			productReference = FBAD843F298A0E67003A474D /* actividad 3.app */;
			productType = "com.apple.product-type.application";
		};
		FBAD8454298A0E68003A474D /* actividad 3Tests */ = {
			isa = PBXNativeTarget;
			buildConfigurationList = FBAD846C298A0E68003A474D /* Build configuration list for PBXNativeTarget "actividad 3Tests" */;
			buildPhases = (
				FBAD8451298A0E68003A474D /* Sources */,
				FBAD8452298A0E68003A474D /* Frameworks */,
				FBAD8453298A0E68003A474D /* Resources */,
			);
			buildRules = (
			);
			dependencies = (
				FBAD8457298A0E68003A474D /* PBXTargetDependency */,
			);
			name = "actividad 3Tests";
			productName = "actividad 3Tests";
			productReference = FBAD8455298A0E68003A474D /* actividad 3Tests.xctest */;
			productType = "com.apple.product-type.bundle.unit-test";
		};
		FBAD845E298A0E68003A474D /* actividad 3UITests */ = {
			isa = PBXNativeTarget;
			buildConfigurationList = FBAD846F298A0E68003A474D /* Build configuration list for PBXNativeTarget "actividad 3UITests" */;
			buildPhases = (
				FBAD845B298A0E68003A474D /* Sources */,
				FBAD845C298A0E68003A474D /* Frameworks */,
				FBAD845D298A0E68003A474D /* Resources */,
			);
			buildRules = (
			);
			dependencies = (
				FBAD8461298A0E68003A474D /* PBXTargetDependency */,
			);
			name = "actividad 3UITests";
			productName = "actividad 3UITests";
			productReference = FBAD845F298A0E68003A474D /* actividad 3UITests.xctest */;
			productType = "com.apple.product-type.bundle.ui-testing";
		};
/* End PBXNativeTarget section */

/* Begin PBXProject section */
		FBAD8437298A0E67003A474D /* Project object */ = {
			isa = PBXProject;
			attributes = {
				BuildIndependentTargetsInParallel = 1;
				LastSwiftUpdateCheck = 1310;
				LastUpgradeCheck = 1310;
				TargetAttributes = {
					FBAD843E298A0E67003A474D = {
						CreatedOnToolsVersion = 13.1;
					};
					FBAD8454298A0E68003A474D = {
						CreatedOnToolsVersion = 13.1;
						TestTargetID = FBAD843E298A0E67003A474D;
					};
					FBAD845E298A0E68003A474D = {
						CreatedOnToolsVersion = 13.1;
						TestTargetID = FBAD843E298A0E67003A474D;
					};
				};
			};
			buildConfigurationList = FBAD843A298A0E67003A474D /* Build configuration list for PBXProject "actividad 3" */;
			compatibilityVersion = "Xcode 13.0";
			developmentRegion = en;
			hasScannedForEncodings = 0;
			knownRegions = (
				en,
				Base,
			);
			mainGroup = FBAD8436298A0E67003A474D;
			productRefGroup = FBAD8440298A0E67003A474D /* Products */;
			projectDirPath = "";
			projectRoot = "";
			targets = (
				FBAD843E298A0E67003A474D /* actividad 3 */,
				FBAD8454298A0E68003A474D /* actividad 3Tests */,
				FBAD845E298A0E68003A474D /* actividad 3UITests */,
			);
		};
/* End PBXProject section */

/* Begin PBXResourcesBuildPhase section */
		FBAD843D298A0E67003A474D /* Resources */ = {
			isa = PBXResourcesBuildPhase;
			buildActionMask = 2147483647;
			files = (
				FBAD844F298A0E68003A474D /* LaunchScreen.storyboard in Resources */,
				FBAD844C298A0E68003A474D /* Assets.xcassets in Resources */,
				FBAD844A298A0E67003A474D /* Main.storyboard in Resources */,
			);
			runOnlyForDeploymentPostprocessing = 0;
		};
		FBAD8453298A0E68003A474D /* Resources */ = {
			isa = PBXResourcesBuildPhase;
			buildActionMask = 2147483647;
			files = (
			);
			runOnlyForDeploymentPostprocessing = 0;
		};
		FBAD845D298A0E68003A474D /* Resources */ = {
			isa = PBXResourcesBuildPhase;
			buildActionMask = 2147483647;
			files = (
			);
			runOnlyForDeploymentPostprocessing = 0;
		};
/* End PBXResourcesBuildPhase section */

/* Begin PBXSourcesBuildPhase section */
		FBAD843B298A0E67003A474D /* Sources */ = {
			isa = PBXSourcesBuildPhase;
			buildActionMask = 2147483647;
			files = (
				FBAD8447298A0E67003A474D /* ViewController.swift in Sources */,
				FBAD8443298A0E67003A474D /* AppDelegate.swift in Sources */,
				FBAD8445298A0E67003A474D /* SceneDelegate.swift in Sources */,
			);
			runOnlyForDeploymentPostprocessing = 0;
		};
		FBAD8451298A0E68003A474D /* Sources */ = {
			isa = PBXSourcesBuildPhase;
			buildActionMask = 2147483647;
			files = (
				FBAD845A298A0E68003A474D /* actividad_3Tests.swift in Sources */,
			);
			runOnlyForDeploymentPostprocessing = 0;
		};
		FBAD845B298A0E68003A474D /* Sources */ = {
			isa = PBXSourcesBuildPhase;
			buildActionMask = 2147483647;
			files = (
				FBAD8466298A0E68003A474D /* actividad_3UITestsLaunchTests.swift in Sources */,
				FBAD8464298A0E68003A474D /* actividad_3UITests.swift in Sources */,
			);
			runOnlyForDeploymentPostprocessing = 0;
		};
/* End PBXSourcesBuildPhase section */

/* Begin PBXTargetDependency section */
		FBAD8457298A0E68003A474D /* PBXTargetDependency */ = {
			isa = PBXTargetDependency;
			target = FBAD843E298A0E67003A474D /* actividad 3 */;
			targetProxy = FBAD8456298A0E68003A474D /* PBXContainerItemProxy */;
		};
		FBAD8461298A0E68003A474D /* PBXTargetDependency */ = {
			isa = PBXTargetDependency;
			target = FBAD843E298A0E67003A474D /* actividad 3 */;
			targetProxy = FBAD8460298A0E68003A474D /* PBXContainerItemProxy */;
		};
/* End PBXTargetDependency section */

/* Begin PBXVariantGroup section */
		FBAD8448298A0E67003A474D /* Main.storyboard */ = {
			isa = PBXVariantGroup;
			children = (
				FBAD8449298A0E67003A474D /* Base */,
			);
			name = Main.storyboard;
			sourceTree = "<group>";
		};
		FBAD844D298A0E68003A474D /* LaunchScreen.storyboard */ = {
			isa = PBXVariantGroup;
			children = (
				FBAD844E298A0E68003A474D /* Base */,
			);
			name = LaunchScreen.storyboard;
			sourceTree = "<group>";
		};
/* End PBXVariantGroup section */

/* Begin XCBuildConfiguration section */
		FBAD8467298A0E68003A474D /* Debug */ = {
			isa = XCBuildConfiguration;
			buildSettings = {
				ALWAYS_SEARCH_USER_PATHS = NO;
				CLANG_ANALYZER_NONNULL = YES;
				CLANG_ANALYZER_NUMBER_OBJECT_CONVERSION = YES_AGGRESSIVE;
				CLANG_CXX_LANGUAGE_STANDARD = "gnu++17";
				CLANG_CXX_LIBRARY = "libc++";
				CLANG_ENABLE_MODULES = YES;
				CLANG_ENABLE_OBJC_ARC = YES;
				CLANG_ENABLE_OBJC_WEAK = YES;
				CLANG_WARN_BLOCK_CAPTURE_AUTORELEASING = YES;
				CLANG_WARN_BOOL_CONVERSION = YES;
				CLANG_WARN_COMMA = YES;
				CLANG_WARN_CONSTANT_CONVERSION = YES;
				CLANG_WARN_DEPRECATED_OBJC_IMPLEMENTATIONS = YES;
				CLANG_WARN_DIRECT_OBJC_ISA_USAGE = YES_ERROR;
				CLANG_WARN_DOCUMENTATION_COMMENTS = YES;
				CLANG_WARN_EMPTY_BODY = YES;
				CLANG_WARN_ENUM_CONVERSION = YES;
				CLANG_WARN_INFINITE_RECURSION = YES;
				CLANG_WARN_INT_CONVERSION = YES;
				CLANG_WARN_NON_LITERAL_NULL_CONVERSION = YES;
				CLANG_WARN_OBJC_IMPLICIT_RETAIN_SELF = YES;
				CLANG_WARN_OBJC_LITERAL_CONVERSION = YES;
				CLANG_WARN_OBJC_ROOT_CLASS = YES_ERROR;
				CLANG_WARN_QUOTED_INCLUDE_IN_FRAMEWORK_HEADER = YES;
				CLANG_WARN_RANGE_LOOP_ANALYSIS = YES;
				CLANG_WARN_STRICT_PROTOTYPES = YES;
				CLANG_WARN_SUSPICIOUS_MOVE = YES;
				CLANG_WARN_UNGUARDED_AVAILABILITY = YES_AGGRESSIVE;
				CLANG_WARN_UNREACHABLE_CODE = YES;
				CLANG_WARN__DUPLICATE_METHOD_MATCH = YES;
				COPY_PHASE_STRIP = NO;
				DEBUG_INFORMATION_FORMAT = dwarf;
				ENABLE_STRICT_OBJC_MSGSEND = YES;
				ENABLE_TESTABILITY = YES;
				GCC_C_LANGUAGE_STANDARD = gnu11;
				GCC_DYNAMIC_NO_PIC = NO;
				GCC_NO_COMMON_BLOCKS = YES;
				GCC_OPTIMIZATION_LEVEL = 0;
				GCC_PREPROCESSOR_DEFINITIONS = (
					"DEBUG=1",
					"$(inherited)",
				);
				GCC_WARN_64_TO_32_BIT_CONVERSION = YES;
				GCC_WARN_ABOUT_RETURN_TYPE = YES_ERROR;
				GCC_WARN_UNDECLARED_SELECTOR = YES;
				GCC_WARN_UNINITIALIZED_AUTOS = YES_AGGRESSIVE;
				GCC_WARN_UNUSED_FUNCTION = YES;
				GCC_WARN_UNUSED_VARIABLE = YES;
				IPHONEOS_DEPLOYMENT_TARGET = 15.0;
				MTL_ENABLE_DEBUG_INFO = INCLUDE_SOURCE;
				MTL_FAST_MATH = YES;
				ONLY_ACTIVE_ARCH = YES;
				SDKROOT = iphoneos;
				SWIFT_ACTIVE_COMPILATION_CONDITIONS = DEBUG;
				SWIFT_OPTIMIZATION_LEVEL = "-Onone";
			};
			name = Debug;
		};
		FBAD8468298A0E68003A474D /* Release */ = {
			isa = XCBuildConfiguration;
			buildSettings = {
				ALWAYS_SEARCH_USER_PATHS = NO;
				CLANG_ANALYZER_NONNULL = YES;
				CLANG_ANALYZER_NUMBER_OBJECT_CONVERSION = YES_AGGRESSIVE;
				CLANG_CXX_LANGUAGE_STANDARD = "gnu++17";
				CLANG_CXX_LIBRARY = "libc++";
				CLANG_ENABLE_MODULES = YES;
				CLANG_ENABLE_OBJC_ARC = YES;
				CLANG_ENABLE_OBJC_WEAK = YES;
				CLANG_WARN_BLOCK_CAPTURE_AUTORELEASING = YES;
				CLANG_WARN_BOOL_CONVERSION = YES;
				CLANG_WARN_COMMA = YES;
				CLANG_WARN_CONSTANT_CONVERSION = YES;
				CLANG_WARN_DEPRECATED_OBJC_IMPLEMENTATIONS = YES;
				CLANG_WARN_DIRECT_OBJC_ISA_USAGE = YES_ERROR;
				CLANG_WARN_DOCUMENTATION_COMMENTS = YES;
				CLANG_WARN_EMPTY_BODY = YES;
				CLANG_WARN_ENUM_CONVERSION = YES;
				CLANG_WARN_INFINITE_RECURSION = YES;
				CLANG_WARN_INT_CONVERSION = YES;
				CLANG_WARN_NON_LITERAL_NULL_CONVERSION = YES;
				CLANG_WARN_OBJC_IMPLICIT_RETAIN_SELF = YES;
				CLANG_WARN_OBJC_LITERAL_CONVERSION = YES;
				CLANG_WARN_OBJC_ROOT_CLASS = YES_ERROR;
				CLANG_WARN_QUOTED_INCLUDE_IN_FRAMEWORK_HEADER = YES;
				CLANG_WARN_RANGE_LOOP_ANALYSIS = YES;
				CLANG_WARN_STRICT_PROTOTYPES = YES;
				CLANG_WARN_SUSPICIOUS_MOVE = YES;
				CLANG_WARN_UNGUARDED_AVAILABILITY = YES_AGGRESSIVE;
				CLANG_WARN_UNREACHABLE_CODE = YES;
				CLANG_WARN__DUPLICATE_METHOD_MATCH = YES;
				COPY_PHASE_STRIP = NO;
				DEBUG_INFORMATION_FORMAT = "dwarf-with-dsym";
				ENABLE_NS_ASSERTIONS = NO;
				ENABLE_STRICT_OBJC_MSGSEND = YES;
				GCC_C_LANGUAGE_STANDARD = gnu11;
				GCC_NO_COMMON_BLOCKS = YES;
				GCC_WARN_64_TO_32_BIT_CONVERSION = YES;
				GCC_WARN_ABOUT_RETURN_TYPE = YES_ERROR;
				GCC_WARN_UNDECLARED_SELECTOR = YES;
				GCC_WARN_UNINITIALIZED_AUTOS = YES_AGGRESSIVE;
				GCC_WARN_UNUSED_FUNCTION = YES;
				GCC_WARN_UNUSED_VARIABLE = YES;
				IPHONEOS_DEPLOYMENT_TARGET = 15.0;
				MTL_ENABLE_DEBUG_INFO = NO;
				MTL_FAST_MATH = YES;
				SDKROOT = iphoneos;
				SWIFT_COMPILATION_MODE = wholemodule;
				SWIFT_OPTIMIZATION_LEVEL = "-O";
				VALIDATE_PRODUCT = YES;
			};
			name = Release;
		};
		FBAD846A298A0E68003A474D /* Debug */ = {
			isa = XCBuildConfiguration;
			buildSettings = {
				ASSETCATALOG_COMPILER_APPICON_NAME = AppIcon;
				ASSETCATALOG_COMPILER_GLOBAL_ACCENT_COLOR_NAME = AccentColor;
				CODE_SIGN_STYLE = Automatic;
				CURRENT_PROJECT_VERSION = 1;
				GENERATE_INFOPLIST_FILE = YES;
				INFOPLIST_FILE = "actividad 3/Info.plist";
				INFOPLIST_KEY_UIApplicationSupportsIndirectInputEvents = YES;
				INFOPLIST_KEY_UILaunchStoryboardName = LaunchScreen;
				INFOPLIST_KEY_UIMainStoryboardFile = Main;
				INFOPLIST_KEY_UISupportedInterfaceOrientations_iPad = "UIInterfaceOrientationPortrait UIInterfaceOrientationPortraitUpsideDown UIInterfaceOrientationLandscapeLeft UIInterfaceOrientationLandscapeRight";
				INFOPLIST_KEY_UISupportedInterfaceOrientations_iPhone = "UIInterfaceOrientationPortrait UIInterfaceOrientationLandscapeLeft UIInterfaceOrientationLandscapeRight";
				LD_RUNPATH_SEARCH_PATHS = (
					"$(inherited)",
					"@executable_path/Frameworks",
				);
				MARKETING_VERSION = 1.0;
				PRODUCT_BUNDLE_IDENTIFIER = "Tecmilenio.actividad-3";
				PRODUCT_NAME = "$(TARGET_NAME)";
				SWIFT_EMIT_LOC_STRINGS = YES;
				SWIFT_VERSION = 5.0;
				TARGETED_DEVICE_FAMILY = "1,2";
			};
			name = Debug;
		};
		FBAD846B298A0E68003A474D /* Release */ = {
			isa = XCBuildConfiguration;
			buildSettings = {
				ASSETCATALOG_COMPILER_APPICON_NAME = AppIcon;
				ASSETCATALOG_COMPILER_GLOBAL_ACCENT_COLOR_NAME = AccentColor;
				CODE_SIGN_STYLE = Automatic;
				CURRENT_PROJECT_VERSION = 1;
				GENERATE_INFOPLIST_FILE = YES;
				INFOPLIST_FILE = "actividad 3/Info.plist";
				INFOPLIST_KEY_UIApplicationSupportsIndirectInputEvents = YES;
				INFOPLIST_KEY_UILaunchStoryboardName = LaunchScreen;
				INFOPLIST_KEY_UIMainStoryboardFile = Main;
				INFOPLIST_KEY_UISupportedInterfaceOrientations_iPad = "UIInterfaceOrientationPortrait UIInterfaceOrientationPortraitUpsideDown UIInterfaceOrientationLandscapeLeft UIInterfaceOrientationLandscapeRight";
				INFOPLIST_KEY_UISupportedInterfaceOrientations_iPhone = "UIInterfaceOrientationPortrait UIInterfaceOrientationLandscapeLeft UIInterfaceOrientationLandscapeRight";
				LD_RUNPATH_SEARCH_PATHS = (
					"$(inherited)",
					"@executable_path/Frameworks",
				);
				MARKETING_VERSION = 1.0;
				PRODUCT_BUNDLE_IDENTIFIER = "Tecmilenio.actividad-3";
				PRODUCT_NAME = "$(TARGET_NAME)";
				SWIFT_EMIT_LOC_STRINGS = YES;
				SWIFT_VERSION = 5.0;
				TARGETED_DEVICE_FAMILY = "1,2";
			};
			name = Release;
		};
		FBAD846D298A0E68003A474D /* Debug */ = {
			isa = XCBuildConfiguration;
			buildSettings = {
				ALWAYS_EMBED_SWIFT_STANDARD_LIBRARIES = YES;
				BUNDLE_LOADER = "$(TEST_HOST)";
				CODE_SIGN_STYLE = Automatic;
				CURRENT_PROJECT_VERSION = 1;
				GENERATE_INFOPLIST_FILE = YES;
				IPHONEOS_DEPLOYMENT_TARGET = 15.0;
				LD_RUNPATH_SEARCH_PATHS = (
					"$(inherited)",
					"@executable_path/Frameworks",
					"@loader_path/Frameworks",
				);
				MARKETING_VERSION = 1.0;
				PRODUCT_BUNDLE_IDENTIFIER = "Tecmilenio.actividad-3Tests";
				PRODUCT_NAME = "$(TARGET_NAME)";
				SWIFT_EMIT_LOC_STRINGS = NO;
				SWIFT_VERSION = 5.0;
				TARGETED_DEVICE_FAMILY = "1,2";
				TEST_HOST = "$(BUILT_PRODUCTS_DIR)/actividad 3.app/actividad 3";
			};
			name = Debug;
		};
		FBAD846E298A0E68003A474D /* Release */ = {
			isa = XCBuildConfiguration;
			buildSettings = {
				ALWAYS_EMBED_SWIFT_STANDARD_LIBRARIES = YES;
				BUNDLE_LOADER = "$(TEST_HOST)";
				CODE_SIGN_STYLE = Automatic;
				CURRENT_PROJECT_VERSION = 1;
				GENERATE_INFOPLIST_FILE = YES;
				IPHONEOS_DEPLOYMENT_TARGET = 15.0;
				LD_RUNPATH_SEARCH_PATHS = (
					"$(inherited)",
					"@executable_path/Frameworks",
					"@loader_path/Frameworks",
				);
				MARKETING_VERSION = 1.0;
				PRODUCT_BUNDLE_IDENTIFIER = "Tecmilenio.actividad-3Tests";
				PRODUCT_NAME = "$(TARGET_NAME)";
				SWIFT_EMIT_LOC_STRINGS = NO;
				SWIFT_VERSION = 5.0;
				TARGETED_DEVICE_FAMILY = "1,2";
				TEST_HOST = "$(BUILT_PRODUCTS_DIR)/actividad 3.app/actividad 3";
			};
			name = Release;
		};
		FBAD8470298A0E68003A474D /* Debug */ = {
			isa = XCBuildConfiguration;
			buildSettings = {
				ALWAYS_EMBED_SWIFT_STANDARD_LIBRARIES = YES;
				CODE_SIGN_STYLE = Automatic;
				CURRENT_PROJECT_VERSION = 1;
				GENERATE_INFOPLIST_FILE = YES;
				LD_RUNPATH_SEARCH_PATHS = (
					"$(inherited)",
					"@executable_path/Frameworks",
					"@loader_path/Frameworks",
				);
				MARKETING_VERSION = 1.0;
				PRODUCT_BUNDLE_IDENTIFIER = "Tecmilenio.actividad-3UITests";
				PRODUCT_NAME = "$(TARGET_NAME)";
				SWIFT_EMIT_LOC_STRINGS = NO;
				SWIFT_VERSION = 5.0;
				TARGETED_DEVICE_FAMILY = "1,2";
				TEST_TARGET_NAME = "actividad 3";
			};
			name = Debug;
		};
		FBAD8471298A0E68003A474D /* Release */ = {
			isa = XCBuildConfiguration;
			buildSettings = {
				ALWAYS_EMBED_SWIFT_STANDARD_LIBRARIES = YES;
				CODE_SIGN_STYLE = Automatic;
				CURRENT_PROJECT_VERSION = 1;
				GENERATE_INFOPLIST_FILE = YES;
				LD_RUNPATH_SEARCH_PATHS = (
					"$(inherited)",
					"@executable_path/Frameworks",
					"@loader_path/Frameworks",
				);
				MARKETING_VERSION = 1.0;
				PRODUCT_BUNDLE_IDENTIFIER = "Tecmilenio.actividad-3UITests";
				PRODUCT_NAME = "$(TARGET_NAME)";
				SWIFT_EMIT_LOC_STRINGS = NO;
				SWIFT_VERSION = 5.0;
				TARGETED_DEVICE_FAMILY = "1,2";
				TEST_TARGET_NAME = "actividad 3";
			};
			name = Release;
		};
/* End XCBuildConfiguration section */

/* Begin XCConfigurationList section */
		FBAD843A298A0E67003A474D /* Build configuration list for PBXProject "actividad 3" */ = {
			isa = XCConfigurationList;
			buildConfigurations = (
				FBAD8467298A0E68003A474D /* Debug */,
				FBAD8468298A0E68003A474D /* Release */,
			);
			defaultConfigurationIsVisible = 0;
			defaultConfigurationName = Release;
		};
		FBAD8469298A0E68003A474D /* Build configuration list for PBXNativeTarget "actividad 3" */ = {
			isa = XCConfigurationList;
			buildConfigurations = (
				FBAD846A298A0E68003A474D /* Debug */,
				FBAD846B298A0E68003A474D /* Release */,
			);
			defaultConfigurationIsVisible = 0;
			defaultConfigurationName = Release;
		};
		FBAD846C298A0E68003A474D /* Build configuration list for PBXNativeTarget "actividad 3Tests" */ = {
			isa = XCConfigurationList;
			buildConfigurations = (
				FBAD846D298A0E68003A474D /* Debug */,
				FBAD846E298A0E68003A474D /* Release */,
			);
			defaultConfigurationIsVisible = 0;
			defaultConfigurationName = Release;
		};
		FBAD846F298A0E68003A474D /* Build configuration list for PBXNativeTarget "actividad 3UITests" */ = {
			isa = XCConfigurationList;
			buildConfigurations = (
				FBAD8470298A0E68003A474D /* Debug */,
				FBAD8471298A0E68003A474D /* Release */,
			);
			defaultConfigurationIsVisible = 0;
			defaultConfigurationName = Release;
		};
/* End XCConfigurationList section */
	};
	rootObject = FBAD8437298A0E67003A474D /* Project object */;
}
